
Microsoft Visual Studio Solution File, Format Version 12.00
# Visual Studio Version 17
VisualStudioVersion = 17.0.31903.59
MinimumVisualStudioVersion = 10.0.40219.1
Project("{FAE04EC0-301F-11D3-BF4B-00C04F79EFBC}") = "eSchool.Domain", "eSchool.Domain\eSchool.Domain.csproj", "{E4E8525F-D0CB-444B-A83B-39F15A4740D0}"
EndProject
Project("{FAE04EC0-301F-11D3-BF4B-00C04F79EFBC}") = "eSchool.Infrastructure", "eSchool.Infrastructure\eSchool.Infrastructure.csproj", "{671F6104-6BD5-48B1-A4A9-8090149C0630}"
EndProject
Project("{FAE04EC0-301F-11D3-BF4B-00C04F79EFBC}") = "eSchool.Application", "eSchool.Application\eSchool.Application.csproj", "{260DE643-931A-4AF0-A1C0-1A88F27FD92F}"
EndProject
Project("{FAE04EC0-301F-11D3-BF4B-00C04F79EFBC}") = "eSchool.Presentation", "eSchool.Presentation\eSchool.Presentation.csproj", "{3556327E-4E1D-4DC5-BEF2-80D109704E72}"
EndProject
Global
	GlobalSection(SolutionConfigurationPlatforms) = preSolution
		Debug|Any CPU = Debug|Any CPU
		Release|Any CPU = Release|Any CPU
	EndGlobalSection
	GlobalSection(ProjectConfigurationPlatforms) = postSolution
		{E4E8525F-D0CB-444B-A83B-39F15A4740D0}.Debug|Any CPU.ActiveCfg = Debug|Any CPU
		{E4E8525F-D0CB-444B-A83B-39F15A4740D0}.Debug|Any CPU.Build.0 = Debug|Any CPU
		{E4E8525F-D0CB-444B-A83B-39F15A4740D0}.Release|Any CPU.ActiveCfg = Release|Any CPU
		{E4E8525F-D0CB-444B-A83B-39F15A4740D0}.Release|Any CPU.Build.0 = Release|Any CPU
		{671F6104-6BD5-48B1-A4A9-8090149C0630}.Debug|Any CPU.ActiveCfg = Debug|Any CPU
		{671F6104-6BD5-48B1-A4A9-8090149C0630}.Debug|Any CPU.Build.0 = Debug|Any CPU
		{671F6104-6BD5-48B1-A4A9-8090149C0630}.Release|Any CPU.ActiveCfg = Release|Any CPU
		{671F6104-6BD5-48B1-A4A9-8090149C0630}.Release|Any CPU.Build.0 = Release|Any CPU
		{260DE643-931A-4AF0-A1C0-1A88F27FD92F}.Debug|Any CPU.ActiveCfg = Debug|Any CPU
		{260DE643-931A-4AF0-A1C0-1A88F27FD92F}.Debug|Any CPU.Build.0 = Debug|Any CPU
		{260DE643-931A-4AF0-A1C0-1A88F27FD92F}.Release|Any CPU.ActiveCfg = Release|Any CPU
		{260DE643-931A-4AF0-A1C0-1A88F27FD92F}.Release|Any CPU.Build.0 = Release|Any CPU
		{3556327E-4E1D-4DC5-BEF2-80D109704E72}.Debug|Any CPU.ActiveCfg = Debug|Any CPU
		{3556327E-4E1D-4DC5-BEF2-80D109704E72}.Debug|Any CPU.Build.0 = Debug|Any CPU
		{3556327E-4E1D-4DC5-BEF2-80D109704E72}.Release|Any CPU.ActiveCfg = Release|Any CPU
		{3556327E-4E1D-4DC5-BEF2-80D109704E72}.Release|Any CPU.Build.0 = Release|Any CPU
	EndGlobalSection
	GlobalSection(SolutionProperties) = preSolution
		HideSolutionNode = FALSE
	EndGlobalSection
	GlobalSection(ExtensibilityGlobals) = postSolution
		SolutionGuid = {B745CEEB-8EA5-4862-9833-B48203730D75}
	EndGlobalSection
EndGlobal
